
Microsoft Visual Studio Solution File, Format Version 12.00
# Visual Studio Version 17
VisualStudioVersion = 17.5.002.0
MinimumVisualStudioVersion = 10.0.40219.1
Project("{2150E333-8FDC-42A3-9474-1A3956D46DE8}") = "csharp-prep", "csharp-prep", "{5C72E099-6295-41A5-9271-10540B49F789}"
EndProject
Project("{9A19103F-16F7-4668-BE54-9A1E7A4F7556}") = "Prep1", "csharp-prep\Prep1\Prep1.csproj", "{F6C96CD2-4853-4B34-AD63-EE1579750040}"
EndProject
Project("{9A19103F-16F7-4668-BE54-9A1E7A4F7556}") = "Prep2", "csharp-prep\Prep2\Prep2.csproj", "{B966BBDD-B469-48AA-A124-2377AF493956}"
EndProject
Project("{9A19103F-16F7-4668-BE54-9A1E7A4F7556}") = "Prep3", "csharp-prep\Prep3\Prep3.csproj", "{6DB7368A-B70F-41D1-9FE0-A9EB52E0E7E4}"
EndProject
Project("{9A19103F-16F7-4668-BE54-9A1E7A4F7556}") = "Prep4", "csharp-prep\Prep4\Prep4.csproj", "{594C0462-3D2D-498F-9416-36119D6E52CE}"
EndProject
Project("{9A19103F-16F7-4668-BE54-9A1E7A4F7556}") = "Prep5", "csharp-prep\Prep5\Prep5.csproj", "{C794937E-4B7A-402C-B705-6E214E51899A}"
EndProject
Project("{2150E333-8FDC-42A3-9474-1A3956D46DE8}") = "final", "final", "{47F5275A-A0F9-4335-AA48-B294FE286C92}"
EndProject
Project("{9A19103F-16F7-4668-BE54-9A1E7A4F7556}") = "FinalProject", "final\FinalProject\FinalProject.csproj", "{9C6123D5-6420-43A2-A48B-9E86C4687A6E}"
EndProject
Project("{9A19103F-16F7-4668-BE54-9A1E7A4F7556}") = "Foundation1", "final\Foundation1\Foundation1.csproj", "{85DAB71C-374B-4553-A9B2-BDAB0B94632D}"
EndProject
Project("{9A19103F-16F7-4668-BE54-9A1E7A4F7556}") = "Foundation2", "final\Foundation2\Foundation2.csproj", "{BFB98D61-4EE2-46F8-9579-856EEF83445C}"
EndProject
Project("{9A19103F-16F7-4668-BE54-9A1E7A4F7556}") = "Foundation3", "final\Foundation3\Foundation3.csproj", "{14D1A2EE-8C0A-492F-B290-FA378BE04C41}"
EndProject
Project("{9A19103F-16F7-4668-BE54-9A1E7A4F7556}") = "Foundation4", "final\Foundation4\Foundation4.csproj", "{41E05D8C-1D79-463A-9588-C92D666297B2}"
EndProject
Project("{2150E333-8FDC-42A3-9474-1A3956D46DE8}") = "prepare", "prepare", "{21F9942D-D7F7-44F5-BFF6-5DCAA2DFAC11}"
EndProject
Project("{9A19103F-16F7-4668-BE54-9A1E7A4F7556}") = "Learning02", "prepare\Learning02\Learning02.csproj", "{4FA74026-6C75-4B5B-A060-67374E7845A6}"
EndProject
Project("{9A19103F-16F7-4668-BE54-9A1E7A4F7556}") = "Learning03", "prepare\Learning03\Learning03.csproj", "{74656A6F-D078-411F-A6E2-125E647898D1}"
EndProject
Project("{9A19103F-16F7-4668-BE54-9A1E7A4F7556}") = "Learning04", "prepare\Learning04\Learning04.csproj", "{D20B25FA-2BC8-454D-A3AC-E0E241070441}"
EndProject
Project("{9A19103F-16F7-4668-BE54-9A1E7A4F7556}") = "Learning05", "prepare\Learning05\Learning05.csproj", "{0CF232BB-2CC8-48A4-BB6F-980C14A92437}"
EndProject
Project("{2150E333-8FDC-42A3-9474-1A3956D46DE8}") = "prove", "prove", "{30790288-5FF7-4596-A6EA-1CFADF0983DC}"
EndProject
Project("{9A19103F-16F7-4668-BE54-9A1E7A4F7556}") = "Develop02", "prove\Develop02\Develop02.csproj", "{F84B5AE7-E301-44FB-81D1-6077793E48BF}"
EndProject
Project("{9A19103F-16F7-4668-BE54-9A1E7A4F7556}") = "Develop03", "prove\Develop03\Develop03.csproj", "{36EEB68E-DFB0-46D8-B8D8-A0C4FCE8716D}"
EndProject
Project("{9A19103F-16F7-4668-BE54-9A1E7A4F7556}") = "Develop04", "prove\Develop04\Develop04.csproj", "{F22716E4-6C6C-4459-BCEA-8632B3EC9247}"
EndProject
Project("{9A19103F-16F7-4668-BE54-9A1E7A4F7556}") = "Develop05", "prove\Develop05\Develop05.csproj", "{33CC2606-6C3D-4857-92F6-56FF2B89BA57}"
EndProject
Project("{2150E333-8FDC-42A3-9474-1A3956D46DE8}") = "sandbox", "sandbox", "{2605A760-7A39-4604-80C0-AFC84D94DCFB}"
EndProject
Project("{9A19103F-16F7-4668-BE54-9A1E7A4F7556}") = "Sandbox", "sandbox\Sandbox\Sandbox.csproj", "{B9219324-2DE6-4DF1-B06C-9987C737C59B}"
EndProject
Global
	GlobalSection(SolutionConfigurationPlatforms) = preSolution
		Debug|Any CPU = Debug|Any CPU
		Release|Any CPU = Release|Any CPU
	EndGlobalSection
	GlobalSection(ProjectConfigurationPlatforms) = postSolution
		{F6C96CD2-4853-4B34-AD63-EE1579750040}.Debug|Any CPU.ActiveCfg = Debug|Any CPU
		{F6C96CD2-4853-4B34-AD63-EE1579750040}.Debug|Any CPU.Build.0 = Debug|Any CPU
		{F6C96CD2-4853-4B34-AD63-EE1579750040}.Release|Any CPU.ActiveCfg = Release|Any CPU
		{F6C96CD2-4853-4B34-AD63-EE1579750040}.Release|Any CPU.Build.0 = Release|Any CPU
		{B966BBDD-B469-48AA-A124-2377AF493956}.Debug|Any CPU.ActiveCfg = Debug|Any CPU
		{B966BBDD-B469-48AA-A124-2377AF493956}.Debug|Any CPU.Build.0 = Debug|Any CPU
		{B966BBDD-B469-48AA-A124-2377AF493956}.Release|Any CPU.ActiveCfg = Release|Any CPU
		{B966BBDD-B469-48AA-A124-2377AF493956}.Release|Any CPU.Build.0 = Release|Any CPU
		{6DB7368A-B70F-41D1-9FE0-A9EB52E0E7E4}.Debug|Any CPU.ActiveCfg = Debug|Any CPU
		{6DB7368A-B70F-41D1-9FE0-A9EB52E0E7E4}.Debug|Any CPU.Build.0 = Debug|Any CPU
		{6DB7368A-B70F-41D1-9FE0-A9EB52E0E7E4}.Release|Any CPU.ActiveCfg = Release|Any CPU
		{6DB7368A-B70F-41D1-9FE0-A9EB52E0E7E4}.Release|Any CPU.Build.0 = Release|Any CPU
		{594C0462-3D2D-498F-9416-36119D6E52CE}.Debug|Any CPU.ActiveCfg = Debug|Any CPU
		{594C0462-3D2D-498F-9416-36119D6E52CE}.Debug|Any CPU.Build.0 = Debug|Any CPU
		{594C0462-3D2D-498F-9416-36119D6E52CE}.Release|Any CPU.ActiveCfg = Release|Any CPU
		{594C0462-3D2D-498F-9416-36119D6E52CE}.Release|Any CPU.Build.0 = Release|Any CPU
		{C794937E-4B7A-402C-B705-6E214E51899A}.Debug|Any CPU.ActiveCfg = Debug|Any CPU
		{C794937E-4B7A-402C-B705-6E214E51899A}.Debug|Any CPU.Build.0 = Debug|Any CPU
		{C794937E-4B7A-402C-B705-6E214E51899A}.Release|Any CPU.ActiveCfg = Release|Any CPU
		{C794937E-4B7A-402C-B705-6E214E51899A}.Release|Any CPU.Build.0 = Release|Any CPU
		{9C6123D5-6420-43A2-A48B-9E86C4687A6E}.Debug|Any CPU.ActiveCfg = Debug|Any CPU
		{9C6123D5-6420-43A2-A48B-9E86C4687A6E}.Debug|Any CPU.Build.0 = Debug|Any CPU
		{9C6123D5-6420-43A2-A48B-9E86C4687A6E}.Release|Any CPU.ActiveCfg = Release|Any CPU
		{9C6123D5-6420-43A2-A48B-9E86C4687A6E}.Release|Any CPU.Build.0 = Release|Any CPU
		{85DAB71C-374B-4553-A9B2-BDAB0B94632D}.Debug|Any CPU.ActiveCfg = Debug|Any CPU
		{85DAB71C-374B-4553-A9B2-BDAB0B94632D}.Debug|Any CPU.Build.0 = Debug|Any CPU
		{85DAB71C-374B-4553-A9B2-BDAB0B94632D}.Release|Any CPU.ActiveCfg = Release|Any CPU
		{85DAB71C-374B-4553-A9B2-BDAB0B94632D}.Release|Any CPU.Build.0 = Release|Any CPU
		{BFB98D61-4EE2-46F8-9579-856EEF83445C}.Debug|Any CPU.ActiveCfg = Debug|Any CPU
		{BFB98D61-4EE2-46F8-9579-856EEF83445C}.Debug|Any CPU.Build.0 = Debug|Any CPU
		{BFB98D61-4EE2-46F8-9579-856EEF83445C}.Release|Any CPU.ActiveCfg = Release|Any CPU
		{BFB98D61-4EE2-46F8-9579-856EEF83445C}.Release|Any CPU.Build.0 = Release|Any CPU
		{14D1A2EE-8C0A-492F-B290-FA378BE04C41}.Debug|Any CPU.ActiveCfg = Debug|Any CPU
		{14D1A2EE-8C0A-492F-B290-FA378BE04C41}.Debug|Any CPU.Build.0 = Debug|Any CPU
		{14D1A2EE-8C0A-492F-B290-FA378BE04C41}.Release|Any CPU.ActiveCfg = Release|Any CPU
		{14D1A2EE-8C0A-492F-B290-FA378BE04C41}.Release|Any CPU.Build.0 = Release|Any CPU
		{41E05D8C-1D79-463A-9588-C92D666297B2}.Debug|Any CPU.ActiveCfg = Debug|Any CPU
		{41E05D8C-1D79-463A-9588-C92D666297B2}.Debug|Any CPU.Build.0 = Debug|Any CPU
		{41E05D8C-1D79-463A-9588-C92D666297B2}.Release|Any CPU.ActiveCfg = Release|Any CPU
		{41E05D8C-1D79-463A-9588-C92D666297B2}.Release|Any CPU.Build.0 = Release|Any CPU
		{4FA74026-6C75-4B5B-A060-67374E7845A6}.Debug|Any CPU.ActiveCfg = Debug|Any CPU
		{4FA74026-6C75-4B5B-A060-67374E7845A6}.Debug|Any CPU.Build.0 = Debug|Any CPU
		{4FA74026-6C75-4B5B-A060-67374E7845A6}.Release|Any CPU.ActiveCfg = Release|Any CPU
		{4FA74026-6C75-4B5B-A060-67374E7845A6}.Release|Any CPU.Build.0 = Release|Any CPU
		{74656A6F-D078-411F-A6E2-125E647898D1}.Debug|Any CPU.ActiveCfg = Debug|Any CPU
		{74656A6F-D078-411F-A6E2-125E647898D1}.Debug|Any CPU.Build.0 = Debug|Any CPU
		{74656A6F-D078-411F-A6E2-125E647898D1}.Release|Any CPU.ActiveCfg = Release|Any CPU
		{74656A6F-D078-411F-A6E2-125E647898D1}.Release|Any CPU.Build.0 = Release|Any CPU
		{D20B25FA-2BC8-454D-A3AC-E0E241070441}.Debug|Any CPU.ActiveCfg = Debug|Any CPU
		{D20B25FA-2BC8-454D-A3AC-E0E241070441}.Debug|Any CPU.Build.0 = Debug|Any CPU
		{D20B25FA-2BC8-454D-A3AC-E0E241070441}.Release|Any CPU.ActiveCfg = Release|Any CPU
		{D20B25FA-2BC8-454D-A3AC-E0E241070441}.Release|Any CPU.Build.0 = Release|Any CPU
		{0CF232BB-2CC8-48A4-BB6F-980C14A92437}.Debug|Any CPU.ActiveCfg = Debug|Any CPU
		{0CF232BB-2CC8-48A4-BB6F-980C14A92437}.Debug|Any CPU.Build.0 = Debug|Any CPU
		{0CF232BB-2CC8-48A4-BB6F-980C14A92437}.Release|Any CPU.ActiveCfg = Release|Any CPU
		{0CF232BB-2CC8-48A4-BB6F-980C14A92437}.Release|Any CPU.Build.0 = Release|Any CPU
		{F84B5AE7-E301-44FB-81D1-6077793E48BF}.Debug|Any CPU.ActiveCfg = Debug|Any CPU
		{F84B5AE7-E301-44FB-81D1-6077793E48BF}.Debug|Any CPU.Build.0 = Debug|Any CPU
		{F84B5AE7-E301-44FB-81D1-6077793E48BF}.Release|Any CPU.ActiveCfg = Release|Any CPU
		{F84B5AE7-E301-44FB-81D1-6077793E48BF}.Release|Any CPU.Build.0 = Release|Any CPU
		{36EEB68E-DFB0-46D8-B8D8-A0C4FCE8716D}.Debug|Any CPU.ActiveCfg = Debug|Any CPU
		{36EEB68E-DFB0-46D8-B8D8-A0C4FCE8716D}.Debug|Any CPU.Build.0 = Debug|Any CPU
		{36EEB68E-DFB0-46D8-B8D8-A0C4FCE8716D}.Release|Any CPU.ActiveCfg = Release|Any CPU
		{36EEB68E-DFB0-46D8-B8D8-A0C4FCE8716D}.Release|Any CPU.Build.0 = Release|Any CPU
		{F22716E4-6C6C-4459-BCEA-8632B3EC9247}.Debug|Any CPU.ActiveCfg = Debug|Any CPU
		{F22716E4-6C6C-4459-BCEA-8632B3EC9247}.Debug|Any CPU.Build.0 = Debug|Any CPU
		{F22716E4-6C6C-4459-BCEA-8632B3EC9247}.Release|Any CPU.ActiveCfg = Release|Any CPU
		{F22716E4-6C6C-4459-BCEA-8632B3EC9247}.Release|Any CPU.Build.0 = Release|Any CPU
		{33CC2606-6C3D-4857-92F6-56FF2B89BA57}.Debug|Any CPU.ActiveCfg = Debug|Any CPU
		{33CC2606-6C3D-4857-92F6-56FF2B89BA57}.Debug|Any CPU.Build.0 = Debug|Any CPU
		{33CC2606-6C3D-4857-92F6-56FF2B89BA57}.Release|Any CPU.ActiveCfg = Release|Any CPU
		{33CC2606-6C3D-4857-92F6-56FF2B89BA57}.Release|Any CPU.Build.0 = Release|Any CPU
		{B9219324-2DE6-4DF1-B06C-9987C737C59B}.Debug|Any CPU.ActiveCfg = Debug|Any CPU
		{B9219324-2DE6-4DF1-B06C-9987C737C59B}.Debug|Any CPU.Build.0 = Debug|Any CPU
		{B9219324-2DE6-4DF1-B06C-9987C737C59B}.Release|Any CPU.ActiveCfg = Release|Any CPU
		{B9219324-2DE6-4DF1-B06C-9987C737C59B}.Release|Any CPU.Build.0 = Release|Any CPU
	EndGlobalSection
	GlobalSection(SolutionProperties) = preSolution
		HideSolutionNode = FALSE
	EndGlobalSection
	GlobalSection(NestedProjects) = preSolution
		{F6C96CD2-4853-4B34-AD63-EE1579750040} = {5C72E099-6295-41A5-9271-10540B49F789}
		{B966BBDD-B469-48AA-A124-2377AF493956} = {5C72E099-6295-41A5-9271-10540B49F789}
		{6DB7368A-B70F-41D1-9FE0-A9EB52E0E7E4} = {5C72E099-6295-41A5-9271-10540B49F789}
		{594C0462-3D2D-498F-9416-36119D6E52CE} = {5C72E099-6295-41A5-9271-10540B49F789}
		{C794937E-4B7A-402C-B705-6E214E51899A} = {5C72E099-6295-41A5-9271-10540B49F789}
		{9C6123D5-6420-43A2-A48B-9E86C4687A6E} = {47F5275A-A0F9-4335-AA48-B294FE286C92}
		{85DAB71C-374B-4553-A9B2-BDAB0B94632D} = {47F5275A-A0F9-4335-AA48-B294FE286C92}
		{BFB98D61-4EE2-46F8-9579-856EEF83445C} = {47F5275A-A0F9-4335-AA48-B294FE286C92}
		{14D1A2EE-8C0A-492F-B290-FA378BE04C41} = {47F5275A-A0F9-4335-AA48-B294FE286C92}
		{41E05D8C-1D79-463A-9588-C92D666297B2} = {47F5275A-A0F9-4335-AA48-B294FE286C92}
		{4FA74026-6C75-4B5B-A060-67374E7845A6} = {21F9942D-D7F7-44F5-BFF6-5DCAA2DFAC11}
		{74656A6F-D078-411F-A6E2-125E647898D1} = {21F9942D-D7F7-44F5-BFF6-5DCAA2DFAC11}
		{D20B25FA-2BC8-454D-A3AC-E0E241070441} = {21F9942D-D7F7-44F5-BFF6-5DCAA2DFAC11}
		{0CF232BB-2CC8-48A4-BB6F-980C14A92437} = {21F9942D-D7F7-44F5-BFF6-5DCAA2DFAC11}
		{F84B5AE7-E301-44FB-81D1-6077793E48BF} = {30790288-5FF7-4596-A6EA-1CFADF0983DC}
		{36EEB68E-DFB0-46D8-B8D8-A0C4FCE8716D} = {30790288-5FF7-4596-A6EA-1CFADF0983DC}
		{F22716E4-6C6C-4459-BCEA-8632B3EC9247} = {30790288-5FF7-4596-A6EA-1CFADF0983DC}
		{33CC2606-6C3D-4857-92F6-56FF2B89BA57} = {30790288-5FF7-4596-A6EA-1CFADF0983DC}
		{B9219324-2DE6-4DF1-B06C-9987C737C59B} = {2605A760-7A39-4604-80C0-AFC84D94DCFB}
	EndGlobalSection
	GlobalSection(ExtensibilityGlobals) = postSolution
		SolutionGuid = {4B2B7C27-DF68-4620-B806-7B876A5A0275}
	EndGlobalSection
EndGlobal
